{
    "name": "bosque-language-tools",
    "version": "0.0.1",
    "lockfileVersion": 1,
    "requires": true,
    "dependencies": {
        "@types/node": {
            "version": "13.7.4",
            "resolved": "https://registry.npmjs.org/@types/node/-/node-13.7.4.tgz",
            "integrity": "sha512-oVeL12C6gQS/GAExndigSaLxTrKpQPxewx9bOcwfvJiJge4rr7wNaph4J+ns5hrmIV2as5qxqN8YKthn9qh0jw==",
            "dev": true
        },
        "@types/vscode": {
            "version": "1.42.0",
            "resolved": "https://registry.npmjs.org/@types/vscode/-/vscode-1.42.0.tgz",
            "integrity": "sha512-ds6TceMsh77Fs0Mq0Vap6Y72JbGWB8Bay4DrnJlf5d9ui2RSe1wis13oQm+XhguOeH1HUfLGzaDAoupTUtgabw==",
            "dev": true
        }
    }
}
